
Microsoft Visual Studio Solution File, Format Version 12.00
# Visual Studio 14
VisualStudioVersion = 14.0.25420.1
MinimumVisualStudioVersion = 10.0.40219.1
Project("{2150E333-8FDC-42A3-9474-1A3956D46DE8}") = "src", "src", "{46790FD7-5D62-4E02-80F3-9E5BD5662A53}"
EndProject
Project("{2150E333-8FDC-42A3-9474-1A3956D46DE8}") = "Solution Items", "Solution Items", "{1FECAEBC-7CF0-456F-B4BF-994F60052EFF}"
	ProjectSection(SolutionItems) = preProject
		global.json = global.json
	EndProjectSection
EndProject
Project("{8BB2217D-0F2D-49D1-97BC-3654ED321F3B}") = "CourseApi.V2", "src\CourseApi.V2\CourseApi.V2.xproj", "{D773C78B-CF79-40CA-B24D-C550FCEAC5B8}"
EndProject
Project("{8BB2217D-0F2D-49D1-97BC-3654ED321F3B}") = "CourseApi.V2.Models", "src\CourseApi.V2.Models\CourseApi.V2.Models.xproj", "{5F59472E-B67D-4629-A3D6-F1CA995FF8D5}"
EndProject
Project("{8BB2217D-0F2D-49D1-97BC-3654ED321F3B}") = "CourseApi.V2.Services", "src\CourseApi.V2.Services\CourseApi.V2.Services.xproj", "{1EF79CA1-2E90-42C8-8F19-CBB836BD5230}"
EndProject
Project("{8BB2217D-0F2D-49D1-97BC-3654ED321F3B}") = "CourseApi.V2.Repositories", "src\CourseApi.V2.Repositories\CourseApi.V2.Repositories.xproj", "{7AF82B1D-1B1B-4AAA-B133-6512A1387A24}"
EndProject
Global
	GlobalSection(SolutionConfigurationPlatforms) = preSolution
		Debug|Any CPU = Debug|Any CPU
		Release|Any CPU = Release|Any CPU
	EndGlobalSection
	GlobalSection(ProjectConfigurationPlatforms) = postSolution
		{D773C78B-CF79-40CA-B24D-C550FCEAC5B8}.Debug|Any CPU.ActiveCfg = Debug|Any CPU
		{D773C78B-CF79-40CA-B24D-C550FCEAC5B8}.Debug|Any CPU.Build.0 = Debug|Any CPU
		{D773C78B-CF79-40CA-B24D-C550FCEAC5B8}.Release|Any CPU.ActiveCfg = Release|Any CPU
		{D773C78B-CF79-40CA-B24D-C550FCEAC5B8}.Release|Any CPU.Build.0 = Release|Any CPU
		{5F59472E-B67D-4629-A3D6-F1CA995FF8D5}.Debug|Any CPU.ActiveCfg = Debug|Any CPU
		{5F59472E-B67D-4629-A3D6-F1CA995FF8D5}.Debug|Any CPU.Build.0 = Debug|Any CPU
		{5F59472E-B67D-4629-A3D6-F1CA995FF8D5}.Release|Any CPU.ActiveCfg = Release|Any CPU
		{5F59472E-B67D-4629-A3D6-F1CA995FF8D5}.Release|Any CPU.Build.0 = Release|Any CPU
		{1EF79CA1-2E90-42C8-8F19-CBB836BD5230}.Debug|Any CPU.ActiveCfg = Debug|Any CPU
		{1EF79CA1-2E90-42C8-8F19-CBB836BD5230}.Debug|Any CPU.Build.0 = Debug|Any CPU
		{1EF79CA1-2E90-42C8-8F19-CBB836BD5230}.Release|Any CPU.ActiveCfg = Release|Any CPU
		{1EF79CA1-2E90-42C8-8F19-CBB836BD5230}.Release|Any CPU.Build.0 = Release|Any CPU
		{7AF82B1D-1B1B-4AAA-B133-6512A1387A24}.Debug|Any CPU.ActiveCfg = Debug|Any CPU
		{7AF82B1D-1B1B-4AAA-B133-6512A1387A24}.Debug|Any CPU.Build.0 = Debug|Any CPU
		{7AF82B1D-1B1B-4AAA-B133-6512A1387A24}.Release|Any CPU.ActiveCfg = Release|Any CPU
		{7AF82B1D-1B1B-4AAA-B133-6512A1387A24}.Release|Any CPU.Build.0 = Release|Any CPU
	EndGlobalSection
	GlobalSection(SolutionProperties) = preSolution
		HideSolutionNode = FALSE
	EndGlobalSection
	GlobalSection(NestedProjects) = preSolution
		{D773C78B-CF79-40CA-B24D-C550FCEAC5B8} = {46790FD7-5D62-4E02-80F3-9E5BD5662A53}
		{5F59472E-B67D-4629-A3D6-F1CA995FF8D5} = {46790FD7-5D62-4E02-80F3-9E5BD5662A53}
		{1EF79CA1-2E90-42C8-8F19-CBB836BD5230} = {46790FD7-5D62-4E02-80F3-9E5BD5662A53}
		{7AF82B1D-1B1B-4AAA-B133-6512A1387A24} = {46790FD7-5D62-4E02-80F3-9E5BD5662A53}
	EndGlobalSection
EndGlobal
